PODS:
  - AFNetworking (2.5.4):
    - AFNetworking/NSURLConnection (= 2.5.4)
    - AFNetworking/NSURLSession (= 2.5.4)
    - AFNetworking/Reachability (= 2.5.4)
    - AFNetworking/Security (= 2.5.4)
    - AFNetworking/Serialization (= 2.5.4)
    - AFNetworking/UIKit (= 2.5.4)
  - AFNetworking/NSURLConnection (2.5.4):
    - AFNetworking/Reachability
    - AFNetworking/Security
    - AFNetworking/Serialization
  - AFNetworking/NSURLSession (2.5.4):
    - AFNetworking/Reachability
    - AFNetworking/Security
    - AFNetworking/Serialization
  - AFNetworking/Reachability (2.5.4)
  - AFNetworking/Security (2.5.4)
  - AFNetworking/Serialization (2.5.4)
  - AFNetworking/UIKit (2.5.4):
    - AFNetworking/NSURLConnection
    - AFNetworking/NSURLSession
  - Bolts (1.1.0)
  - Gini-iOS-SDK (0.0.1):
    - Bolts (= 1.1.0)
  - XLForm (2.2.0)

DEPENDENCIES:
  - AFNetworking
  - Gini-iOS-SDK (from `https://github.com/gini/gini-sdk-ios.git`)
  - XLForm

EXTERNAL SOURCES:
  Gini-iOS-SDK:
    :git: https://github.com/gini/gini-sdk-ios.git

CHECKOUT OPTIONS:
  Gini-iOS-SDK:
    :commit: 86948d19a1181fea652a1ab853747aeaa3d41004
    :git: https://github.com/gini/gini-sdk-ios.git

SPEC CHECKSUMS:
  AFNetworking: 05edc0ac4c4c8cf57bcf4b84be5b0744b6d8e71e
  Bolts: cbf2e714ee805a2a2c1fced24c6e3aae9fbc396e
  Gini-iOS-SDK: b9724c7772fb93517c962dfa631ffe5c0eadb2e9
  XLForm: 799e61ef230f519914e722bf032b19a597223c19

COCOAPODS: 0.37.2
